
Microsoft Visual Studio Solution File, Format Version 12.00
# Visual Studio Version 16
VisualStudioVersion = 16.0.29009.5
MinimumVisualStudioVersion = 10.0.40219.1
Project("{FAE04EC0-301F-11D3-BF4B-00C04F79EFBC}") = "RhombusofStars_Workingwithabstract", "RhombusofStars_Workingwithabstract\RhombusofStars_Workingwithabstract.csproj", "{2AAED9F8-E50B-4A4D-9678-24C8CB48F0EC}"
EndProject
Global
	GlobalSection(SolutionConfigurationPlatforms) = preSolution
		Debug|Any CPU = Debug|Any CPU
		Release|Any CPU = Release|Any CPU
	EndGlobalSection
	GlobalSection(ProjectConfigurationPlatforms) = postSolution
		{2AAED9F8-E50B-4A4D-9678-24C8CB48F0EC}.Debug|Any CPU.ActiveCfg = Debug|Any CPU
		{2AAED9F8-E50B-4A4D-9678-24C8CB48F0EC}.Debug|Any CPU.Build.0 = Debug|Any CPU
		{2AAED9F8-E50B-4A4D-9678-24C8CB48F0EC}.Release|Any CPU.ActiveCfg = Release|Any CPU
		{2AAED9F8-E50B-4A4D-9678-24C8CB48F0EC}.Release|Any CPU.Build.0 = Release|Any CPU
	EndGlobalSection
	GlobalSection(SolutionProperties) = preSolution
		HideSolutionNode = FALSE
	EndGlobalSection
	GlobalSection(ExtensibilityGlobals) = postSolution
		SolutionGuid = {5A22AE71-23FC-46EC-ABCD-12A05222807B}
	EndGlobalSection
EndGlobal
