
Microsoft Visual Studio Solution File, Format Version 12.00
# Visual Studio Version 16
VisualStudioVersion = 16.0.29009.5
MinimumVisualStudioVersion = 10.0.40219.1
Project("{FAE04EC0-301F-11D3-BF4B-00C04F79EFBC}") = "Polymorphism_Problem03", "Polymorphism_Problem03\Polymorphism_Problem03.csproj", "{04A6BE55-53D0-4723-8680-3E9460C6AA84}"
EndProject
Global
	GlobalSection(SolutionConfigurationPlatforms) = preSolution
		Debug|Any CPU = Debug|Any CPU
		Release|Any CPU = Release|Any CPU
	EndGlobalSection
	GlobalSection(ProjectConfigurationPlatforms) = postSolution
		{04A6BE55-53D0-4723-8680-3E9460C6AA84}.Debug|Any CPU.ActiveCfg = Debug|Any CPU
		{04A6BE55-53D0-4723-8680-3E9460C6AA84}.Debug|Any CPU.Build.0 = Debug|Any CPU
		{04A6BE55-53D0-4723-8680-3E9460C6AA84}.Release|Any CPU.ActiveCfg = Release|Any CPU
		{04A6BE55-53D0-4723-8680-3E9460C6AA84}.Release|Any CPU.Build.0 = Release|Any CPU
	EndGlobalSection
	GlobalSection(SolutionProperties) = preSolution
		HideSolutionNode = FALSE
	EndGlobalSection
	GlobalSection(ExtensibilityGlobals) = postSolution
		SolutionGuid = {BC828B4A-ED88-4163-9BAC-EF649688BC58}
	EndGlobalSection
EndGlobal
