
Microsoft Visual Studio Solution File, Format Version 12.00
# Visual Studio Version 16
VisualStudioVersion = 16.0.29009.5
MinimumVisualStudioVersion = 10.0.40219.1
Project("{FAE04EC0-301F-11D3-BF4B-00C04F79EFBC}") = "Polymorphism_Problem02", "Polymorphism_Problem02\Polymorphism_Problem02.csproj", "{DB0F0F9C-123E-4FEC-B1DF-CB4EB9CA0099}"
EndProject
Global
	GlobalSection(SolutionConfigurationPlatforms) = preSolution
		Debug|Any CPU = Debug|Any CPU
		Release|Any CPU = Release|Any CPU
	EndGlobalSection
	GlobalSection(ProjectConfigurationPlatforms) = postSolution
		{DB0F0F9C-123E-4FEC-B1DF-CB4EB9CA0099}.Debug|Any CPU.ActiveCfg = Debug|Any CPU
		{DB0F0F9C-123E-4FEC-B1DF-CB4EB9CA0099}.Debug|Any CPU.Build.0 = Debug|Any CPU
		{DB0F0F9C-123E-4FEC-B1DF-CB4EB9CA0099}.Release|Any CPU.ActiveCfg = Release|Any CPU
		{DB0F0F9C-123E-4FEC-B1DF-CB4EB9CA0099}.Release|Any CPU.Build.0 = Release|Any CPU
	EndGlobalSection
	GlobalSection(SolutionProperties) = preSolution
		HideSolutionNode = FALSE
	EndGlobalSection
	GlobalSection(ExtensibilityGlobals) = postSolution
		SolutionGuid = {8AD7C6B9-E898-4FC6-990B-13039BCBEE9C}
	EndGlobalSection
EndGlobal
