
Microsoft Visual Studio Solution File, Format Version 12.00
# Visual Studio Version 16
VisualStudioVersion = 16.0.29009.5
MinimumVisualStudioVersion = 10.0.40219.1
Project("{FAE04EC0-301F-11D3-BF4B-00C04F79EFBC}") = "AP_Lab01_problem04", "AP_Lab01_problem04\AP_Lab01_problem04.csproj", "{00751375-4DEF-4B61-AC0B-3E420DD7E558}"
EndProject
Global
	GlobalSection(SolutionConfigurationPlatforms) = preSolution
		Debug|Any CPU = Debug|Any CPU
		Release|Any CPU = Release|Any CPU
	EndGlobalSection
	GlobalSection(ProjectConfigurationPlatforms) = postSolution
		{00751375-4DEF-4B61-AC0B-3E420DD7E558}.Debug|Any CPU.ActiveCfg = Debug|Any CPU
		{00751375-4DEF-4B61-AC0B-3E420DD7E558}.Debug|Any CPU.Build.0 = Debug|Any CPU
		{00751375-4DEF-4B61-AC0B-3E420DD7E558}.Release|Any CPU.ActiveCfg = Release|Any CPU
		{00751375-4DEF-4B61-AC0B-3E420DD7E558}.Release|Any CPU.Build.0 = Release|Any CPU
	EndGlobalSection
	GlobalSection(SolutionProperties) = preSolution
		HideSolutionNode = FALSE
	EndGlobalSection
	GlobalSection(ExtensibilityGlobals) = postSolution
		SolutionGuid = {E908B553-9629-47EF-B23B-419BFA690DA7}
	EndGlobalSection
EndGlobal
