
Microsoft Visual Studio Solution File, Format Version 12.00
# Visual Studio Version 16
VisualStudioVersion = 16.0.29009.5
MinimumVisualStudioVersion = 10.0.40219.1
Project("{FAE04EC0-301F-11D3-BF4B-00C04F79EFBC}") = "StackofStrings", "StackofStrings\StackofStrings.csproj", "{2080FDAA-43FF-42C7-94BE-09C5E026F0F5}"
EndProject
Global
	GlobalSection(SolutionConfigurationPlatforms) = preSolution
		Debug|Any CPU = Debug|Any CPU
		Release|Any CPU = Release|Any CPU
	EndGlobalSection
	GlobalSection(ProjectConfigurationPlatforms) = postSolution
		{2080FDAA-43FF-42C7-94BE-09C5E026F0F5}.Debug|Any CPU.ActiveCfg = Debug|Any CPU
		{2080FDAA-43FF-42C7-94BE-09C5E026F0F5}.Debug|Any CPU.Build.0 = Debug|Any CPU
		{2080FDAA-43FF-42C7-94BE-09C5E026F0F5}.Release|Any CPU.ActiveCfg = Release|Any CPU
		{2080FDAA-43FF-42C7-94BE-09C5E026F0F5}.Release|Any CPU.Build.0 = Release|Any CPU
	EndGlobalSection
	GlobalSection(SolutionProperties) = preSolution
		HideSolutionNode = FALSE
	EndGlobalSection
	GlobalSection(ExtensibilityGlobals) = postSolution
		SolutionGuid = {EA3E9DF2-7343-43E7-BA31-7DEC9D539DB5}
	EndGlobalSection
EndGlobal
