
Microsoft Visual Studio Solution File, Format Version 12.00
# Visual Studio Version 16
VisualStudioVersion = 16.0.29009.5
MinimumVisualStudioVersion = 10.0.40219.1
Project("{FAE04EC0-301F-11D3-BF4B-00C04F79EFBC}") = "Encapsulation_Problem3", "Encapsulation_Problem3\Encapsulation_Problem3.csproj", "{409E820A-E75E-4979-A3AF-8F9E255538C8}"
EndProject
Global
	GlobalSection(SolutionConfigurationPlatforms) = preSolution
		Debug|Any CPU = Debug|Any CPU
		Release|Any CPU = Release|Any CPU
	EndGlobalSection
	GlobalSection(ProjectConfigurationPlatforms) = postSolution
		{409E820A-E75E-4979-A3AF-8F9E255538C8}.Debug|Any CPU.ActiveCfg = Debug|Any CPU
		{409E820A-E75E-4979-A3AF-8F9E255538C8}.Debug|Any CPU.Build.0 = Debug|Any CPU
		{409E820A-E75E-4979-A3AF-8F9E255538C8}.Release|Any CPU.ActiveCfg = Release|Any CPU
		{409E820A-E75E-4979-A3AF-8F9E255538C8}.Release|Any CPU.Build.0 = Release|Any CPU
	EndGlobalSection
	GlobalSection(SolutionProperties) = preSolution
		HideSolutionNode = FALSE
	EndGlobalSection
	GlobalSection(ExtensibilityGlobals) = postSolution
		SolutionGuid = {05DD39AC-36AE-4EDA-8747-5B653D1CD6B6}
	EndGlobalSection
EndGlobal
